
Microsoft Visual Studio Solution File, Format Version 12.00
Project("{FAE04EC0-301F-11D3-BF4B-00C04F79EFBC}") = "DSA", "DSA\DSA.csproj", "{B613F748-5511-4155-A2BC-43127C734F49}"
EndProject
Global
	GlobalSection(SolutionConfigurationPlatforms) = preSolution
		Debug|Any CPU = Debug|Any CPU
		Release|Any CPU = Release|Any CPU
	EndGlobalSection
	GlobalSection(ProjectConfigurationPlatforms) = postSolution
		{B613F748-5511-4155-A2BC-43127C734F49}.Debug|Any CPU.ActiveCfg = Debug|Any CPU
		{B613F748-5511-4155-A2BC-43127C734F49}.Debug|Any CPU.Build.0 = Debug|Any CPU
		{B613F748-5511-4155-A2BC-43127C734F49}.Release|Any CPU.ActiveCfg = Release|Any CPU
		{B613F748-5511-4155-A2BC-43127C734F49}.Release|Any CPU.Build.0 = Release|Any CPU
	EndGlobalSection
EndGlobal
